
Microsoft Visual Studio Solution File, Format Version 12.00
# Visual Studio Version 17
VisualStudioVersion = 17.8.34601.278
MinimumVisualStudioVersion = 10.0.40219.1
Project("{9A19103F-16F7-4668-BE54-9A1E7A4F7556}") = "BulkyWeb", "BulkyWeb\BulkyWeb.csproj", "{15036BB2-2271-4193-987F-E615F1DF8113}"
EndProject
Project("{9A19103F-16F7-4668-BE54-9A1E7A4F7556}") = "BulkyWebRazor_Temp", "BulkyWebRazor_Temp\BulkyWebRazor_Temp.csproj", "{8B49354B-EEF2-4745-8E5F-8150C1600731}"
EndProject
Project("{FAE04EC0-301F-11D3-BF4B-00C04F79EFBC}") = "Bulky.DataAccess", "Bulky.DataAccess\Bulky.DataAccess.csproj", "{05105D1D-7C0B-44B2-A33E-C24FF64687BF}"
EndProject
Project("{FAE04EC0-301F-11D3-BF4B-00C04F79EFBC}") = "Bulky.Models", "Bulky.Models\Bulky.Models.csproj", "{C685DF7E-9A04-4538-AC40-0601D6BD81CF}"
EndProject
Project("{FAE04EC0-301F-11D3-BF4B-00C04F79EFBC}") = "Bulky.Utility", "Bulky.Utility\Bulky.Utility.csproj", "{F52850E3-7F16-4D03-B6B4-2ED0F34891BC}"
EndProject
Global
	GlobalSection(SolutionConfigurationPlatforms) = preSolution
		Debug|Any CPU = Debug|Any CPU
		Release|Any CPU = Release|Any CPU
	EndGlobalSection
	GlobalSection(ProjectConfigurationPlatforms) = postSolution
		{15036BB2-2271-4193-987F-E615F1DF8113}.Debug|Any CPU.ActiveCfg = Debug|Any CPU
		{15036BB2-2271-4193-987F-E615F1DF8113}.Debug|Any CPU.Build.0 = Debug|Any CPU
		{15036BB2-2271-4193-987F-E615F1DF8113}.Release|Any CPU.ActiveCfg = Release|Any CPU
		{15036BB2-2271-4193-987F-E615F1DF8113}.Release|Any CPU.Build.0 = Release|Any CPU
		{8B49354B-EEF2-4745-8E5F-8150C1600731}.Debug|Any CPU.ActiveCfg = Debug|Any CPU
		{8B49354B-EEF2-4745-8E5F-8150C1600731}.Debug|Any CPU.Build.0 = Debug|Any CPU
		{8B49354B-EEF2-4745-8E5F-8150C1600731}.Release|Any CPU.ActiveCfg = Release|Any CPU
		{8B49354B-EEF2-4745-8E5F-8150C1600731}.Release|Any CPU.Build.0 = Release|Any CPU
		{05105D1D-7C0B-44B2-A33E-C24FF64687BF}.Debug|Any CPU.ActiveCfg = Debug|Any CPU
		{05105D1D-7C0B-44B2-A33E-C24FF64687BF}.Debug|Any CPU.Build.0 = Debug|Any CPU
		{05105D1D-7C0B-44B2-A33E-C24FF64687BF}.Release|Any CPU.ActiveCfg = Release|Any CPU
		{05105D1D-7C0B-44B2-A33E-C24FF64687BF}.Release|Any CPU.Build.0 = Release|Any CPU
		{C685DF7E-9A04-4538-AC40-0601D6BD81CF}.Debug|Any CPU.ActiveCfg = Debug|Any CPU
		{C685DF7E-9A04-4538-AC40-0601D6BD81CF}.Debug|Any CPU.Build.0 = Debug|Any CPU
		{C685DF7E-9A04-4538-AC40-0601D6BD81CF}.Release|Any CPU.ActiveCfg = Release|Any CPU
		{C685DF7E-9A04-4538-AC40-0601D6BD81CF}.Release|Any CPU.Build.0 = Release|Any CPU
		{F52850E3-7F16-4D03-B6B4-2ED0F34891BC}.Debug|Any CPU.ActiveCfg = Debug|Any CPU
		{F52850E3-7F16-4D03-B6B4-2ED0F34891BC}.Debug|Any CPU.Build.0 = Debug|Any CPU
		{F52850E3-7F16-4D03-B6B4-2ED0F34891BC}.Release|Any CPU.ActiveCfg = Release|Any CPU
		{F52850E3-7F16-4D03-B6B4-2ED0F34891BC}.Release|Any CPU.Build.0 = Release|Any CPU
	EndGlobalSection
	GlobalSection(SolutionProperties) = preSolution
		HideSolutionNode = FALSE
	EndGlobalSection
	GlobalSection(ExtensibilityGlobals) = postSolution
		SolutionGuid = {9333282F-EB1F-43CD-88F9-87C563F49E8B}
	EndGlobalSection
EndGlobal
